
Microsoft Visual Studio Solution File, Format Version 12.00
# Visual Studio Version 17
VisualStudioVersion = 17.9.34616.47
MinimumVisualStudioVersion = 10.0.40219.1
Project("{FAE04EC0-301F-11D3-BF4B-00C04F79EFBC}") = "CustomProgram", "CustomProgram\CustomProgram.csproj", "{EDC112E9-C063-4956-9902-EB5E7E968946}"
EndProject
Global
	GlobalSection(SolutionConfigurationPlatforms) = preSolution
		Debug|Any CPU = Debug|Any CPU
		Release|Any CPU = Release|Any CPU
	EndGlobalSection
	GlobalSection(ProjectConfigurationPlatforms) = postSolution
		{EDC112E9-C063-4956-9902-EB5E7E968946}.Debug|Any CPU.ActiveCfg = Debug|Any CPU
		{EDC112E9-C063-4956-9902-EB5E7E968946}.Debug|Any CPU.Build.0 = Debug|Any CPU
		{EDC112E9-C063-4956-9902-EB5E7E968946}.Release|Any CPU.ActiveCfg = Release|Any CPU
		{EDC112E9-C063-4956-9902-EB5E7E968946}.Release|Any CPU.Build.0 = Release|Any CPU
	EndGlobalSection
	GlobalSection(SolutionProperties) = preSolution
		HideSolutionNode = FALSE
	EndGlobalSection
	GlobalSection(ExtensibilityGlobals) = postSolution
		SolutionGuid = {E991C8F0-02BE-4DFB-9374-89FEF74F9DCB}
	EndGlobalSection
EndGlobal
